
Microsoft Visual Studio Solution File, Format Version 12.00
# Visual Studio Version 17
VisualStudioVersion = 17.0.32014.148
MinimumVisualStudioVersion = 10.0.40219.1
Project("{9A19103F-16F7-4668-BE54-9A1E7A4F7556}") = "MovieBase.Core", "MovieBase.Core\MovieBase.Core.csproj", "{B4645ACE-822C-4A78-ABBD-5C5A220F9886}"
EndProject
Project("{9A19103F-16F7-4668-BE54-9A1E7A4F7556}") = "MovieBase.Application", "MovieBase.Application\MovieBase.Application.csproj", "{D3E68A41-77E2-4426-88BD-A834CF479172}"
EndProject
Project("{9A19103F-16F7-4668-BE54-9A1E7A4F7556}") = "MovieBase.Infrastructure", "MovieBase.Infrastructure\MovieBase.Infrastructure.csproj", "{51C3407E-ACAF-4770-977E-3622ECBBF39C}"
EndProject
Project("{9A19103F-16F7-4668-BE54-9A1E7A4F7556}") = "MovieBase.API", "MovieBase.API\MovieBase.API.csproj", "{F0025187-A2E2-4D18-A2E4-18E387AF915F}"
	ProjectSection(ProjectDependencies) = postProject
		{B4645ACE-822C-4A78-ABBD-5C5A220F9886} = {B4645ACE-822C-4A78-ABBD-5C5A220F9886}
	EndProjectSection
EndProject
Project("{FAE04EC0-301F-11D3-BF4B-00C04F79EFBC}") = "MovieBase.IntegrationTests", "MovieBase.IntegrationTests\MovieBase.IntegrationTests.csproj", "{7D120650-D2AE-4DB1-868D-9DB387C85291}"
EndProject
Global
	GlobalSection(SolutionConfigurationPlatforms) = preSolution
		Debug|Any CPU = Debug|Any CPU
		Release|Any CPU = Release|Any CPU
	EndGlobalSection
	GlobalSection(ProjectConfigurationPlatforms) = postSolution
		{B4645ACE-822C-4A78-ABBD-5C5A220F9886}.Debug|Any CPU.ActiveCfg = Debug|Any CPU
		{B4645ACE-822C-4A78-ABBD-5C5A220F9886}.Debug|Any CPU.Build.0 = Debug|Any CPU
		{B4645ACE-822C-4A78-ABBD-5C5A220F9886}.Release|Any CPU.ActiveCfg = Release|Any CPU
		{B4645ACE-822C-4A78-ABBD-5C5A220F9886}.Release|Any CPU.Build.0 = Release|Any CPU
		{D3E68A41-77E2-4426-88BD-A834CF479172}.Debug|Any CPU.ActiveCfg = Debug|Any CPU
		{D3E68A41-77E2-4426-88BD-A834CF479172}.Debug|Any CPU.Build.0 = Debug|Any CPU
		{D3E68A41-77E2-4426-88BD-A834CF479172}.Release|Any CPU.ActiveCfg = Release|Any CPU
		{D3E68A41-77E2-4426-88BD-A834CF479172}.Release|Any CPU.Build.0 = Release|Any CPU
		{51C3407E-ACAF-4770-977E-3622ECBBF39C}.Debug|Any CPU.ActiveCfg = Debug|Any CPU
		{51C3407E-ACAF-4770-977E-3622ECBBF39C}.Debug|Any CPU.Build.0 = Debug|Any CPU
		{51C3407E-ACAF-4770-977E-3622ECBBF39C}.Release|Any CPU.ActiveCfg = Release|Any CPU
		{51C3407E-ACAF-4770-977E-3622ECBBF39C}.Release|Any CPU.Build.0 = Release|Any CPU
		{F0025187-A2E2-4D18-A2E4-18E387AF915F}.Debug|Any CPU.ActiveCfg = Debug|Any CPU
		{F0025187-A2E2-4D18-A2E4-18E387AF915F}.Debug|Any CPU.Build.0 = Debug|Any CPU
		{F0025187-A2E2-4D18-A2E4-18E387AF915F}.Release|Any CPU.ActiveCfg = Release|Any CPU
		{F0025187-A2E2-4D18-A2E4-18E387AF915F}.Release|Any CPU.Build.0 = Release|Any CPU
		{7D120650-D2AE-4DB1-868D-9DB387C85291}.Debug|Any CPU.ActiveCfg = Debug|Any CPU
		{7D120650-D2AE-4DB1-868D-9DB387C85291}.Debug|Any CPU.Build.0 = Debug|Any CPU
		{7D120650-D2AE-4DB1-868D-9DB387C85291}.Release|Any CPU.ActiveCfg = Release|Any CPU
		{7D120650-D2AE-4DB1-868D-9DB387C85291}.Release|Any CPU.Build.0 = Release|Any CPU
	EndGlobalSection
	GlobalSection(SolutionProperties) = preSolution
		HideSolutionNode = FALSE
	EndGlobalSection
	GlobalSection(ExtensibilityGlobals) = postSolution
		SolutionGuid = {1C6C1815-FBA3-4099-9322-D07E6C74F930}
	EndGlobalSection
EndGlobal
