
Microsoft Visual Studio Solution File, Format Version 12.00
# Visual Studio Version 16
VisualStudioVersion = 16.0.30804.86
MinimumVisualStudioVersion = 10.0.40219.1
Project("{9A19103F-16F7-4668-BE54-9A1E7A4F7556}") = "MovieBase.Core", "MovieBase.Core\MovieBase.Core.csproj", "{B4645ACE-822C-4A78-ABBD-5C5A220F9886}"
EndProject
Project("{9A19103F-16F7-4668-BE54-9A1E7A4F7556}") = "MovieBase.Application", "MovieBase.Application\MovieBase.Application.csproj", "{D3E68A41-77E2-4426-88BD-A834CF479172}"
EndProject
Project("{9A19103F-16F7-4668-BE54-9A1E7A4F7556}") = "MovieBase.Infrastructure", "MovieBase.Infrastructure\MovieBase.Infrastructure.csproj", "{51C3407E-ACAF-4770-977E-3622ECBBF39C}"
EndProject
Project("{FAE04EC0-301F-11D3-BF4B-00C04F79EFBC}") = "MovieBase.API", "MovieBase.API\MovieBase.API.csproj", "{97418D1B-AE0D-4822-8A57-D4CB6DBC88E0}"
EndProject
Global
	GlobalSection(SolutionConfigurationPlatforms) = preSolution
		Debug|Any CPU = Debug|Any CPU
		Release|Any CPU = Release|Any CPU
	EndGlobalSection
	GlobalSection(ProjectConfigurationPlatforms) = postSolution
		{B4645ACE-822C-4A78-ABBD-5C5A220F9886}.Debug|Any CPU.ActiveCfg = Debug|Any CPU
		{B4645ACE-822C-4A78-ABBD-5C5A220F9886}.Debug|Any CPU.Build.0 = Debug|Any CPU
		{B4645ACE-822C-4A78-ABBD-5C5A220F9886}.Release|Any CPU.ActiveCfg = Release|Any CPU
		{B4645ACE-822C-4A78-ABBD-5C5A220F9886}.Release|Any CPU.Build.0 = Release|Any CPU
		{D3E68A41-77E2-4426-88BD-A834CF479172}.Debug|Any CPU.ActiveCfg = Debug|Any CPU
		{D3E68A41-77E2-4426-88BD-A834CF479172}.Debug|Any CPU.Build.0 = Debug|Any CPU
		{D3E68A41-77E2-4426-88BD-A834CF479172}.Release|Any CPU.ActiveCfg = Release|Any CPU
		{D3E68A41-77E2-4426-88BD-A834CF479172}.Release|Any CPU.Build.0 = Release|Any CPU
		{51C3407E-ACAF-4770-977E-3622ECBBF39C}.Debug|Any CPU.ActiveCfg = Debug|Any CPU
		{51C3407E-ACAF-4770-977E-3622ECBBF39C}.Debug|Any CPU.Build.0 = Debug|Any CPU
		{51C3407E-ACAF-4770-977E-3622ECBBF39C}.Release|Any CPU.ActiveCfg = Release|Any CPU
		{51C3407E-ACAF-4770-977E-3622ECBBF39C}.Release|Any CPU.Build.0 = Release|Any CPU
		{97418D1B-AE0D-4822-8A57-D4CB6DBC88E0}.Debug|Any CPU.ActiveCfg = Debug|Any CPU
		{97418D1B-AE0D-4822-8A57-D4CB6DBC88E0}.Debug|Any CPU.Build.0 = Debug|Any CPU
		{97418D1B-AE0D-4822-8A57-D4CB6DBC88E0}.Release|Any CPU.ActiveCfg = Release|Any CPU
		{97418D1B-AE0D-4822-8A57-D4CB6DBC88E0}.Release|Any CPU.Build.0 = Release|Any CPU
	EndGlobalSection
	GlobalSection(SolutionProperties) = preSolution
		HideSolutionNode = FALSE
	EndGlobalSection
	GlobalSection(ExtensibilityGlobals) = postSolution
		SolutionGuid = {1C6C1815-FBA3-4099-9322-D07E6C74F930}
	EndGlobalSection
EndGlobal
